
Microsoft Visual Studio Solution File, Format Version 12.00
# Visual Studio 15
VisualStudioVersion = 15.0.28307.438
MinimumVisualStudioVersion = 10.0.40219.1
Project("{FAE04EC0-301F-11D3-BF4B-00C04F79EFBC}") = "HelloWorld", "HelloWorld\HelloWorld.csproj", "{A82738FD-1CA4-4365-8378-6553391672D9}"
EndProject
Global
	GlobalSection(SolutionConfigurationPlatforms) = preSolution
		Debug|Any CPU = Debug|Any CPU
		Release|Any CPU = Release|Any CPU
	EndGlobalSection
	GlobalSection(ProjectConfigurationPlatforms) = postSolution
		{A82738FD-1CA4-4365-8378-6553391672D9}.Debug|Any CPU.ActiveCfg = Debug|Any CPU
		{A82738FD-1CA4-4365-8378-6553391672D9}.Debug|Any CPU.Build.0 = Debug|Any CPU
		{A82738FD-1CA4-4365-8378-6553391672D9}.Release|Any CPU.ActiveCfg = Release|Any CPU
		{A82738FD-1CA4-4365-8378-6553391672D9}.Release|Any CPU.Build.0 = Release|Any CPU
	EndGlobalSection
	GlobalSection(SolutionProperties) = preSolution
		HideSolutionNode = FALSE
	EndGlobalSection
	GlobalSection(ExtensibilityGlobals) = postSolution
		SolutionGuid = {6A2916DF-3840-41C2-80F5-E79C5C631201}
	EndGlobalSection
EndGlobal
